// !$*UTF8*$!
{
	archiveVersion = 1;
	classes = {
	};
	objectVersion = 55;
	objects = {

/* Begin PBXBuildFile section */
		E72AE11C28C17611001418A2 /* AppDelegate.swift in Sources */ = {isa = PBXBuildFile; fileRef = E72AE11B28C17611001418A2 /* AppDelegate.swift */; };
		E72AE11E28C17611001418A2 /* SceneDelegate.swift in Sources */ = {isa = PBXBuildFile; fileRef = E72AE11D28C17611001418A2 /* SceneDelegate.swift */; };
		E72AE12028C17611001418A2 /* HomeViewController.swift in Sources */ = {isa = PBXBuildFile; fileRef = E72AE11F28C17611001418A2 /* HomeViewController.swift */; };
		E72AE12328C17611001418A2 /* Main.storyboard in Resources */ = {isa = PBXBuildFile; fileRef = E72AE12128C17611001418A2 /* Main.storyboard */; };
		E72AE12528C17613001418A2 /* Assets.xcassets in Resources */ = {isa = PBXBuildFile; fileRef = E72AE12428C17613001418A2 /* Assets.xcassets */; };
		E72AE12828C17613001418A2 /* LaunchScreen.storyboard in Resources */ = {isa = PBXBuildFile; fileRef = E72AE12628C17613001418A2 /* LaunchScreen.storyboard */; };
		E72AE13028C179F8001418A2 /* GameViewController.swift in Sources */ = {isa = PBXBuildFile; fileRef = E72AE12F28C179F8001418A2 /* GameViewController.swift */; };
		E72AE13228C1C0CA001418A2 /* Card.swift in Sources */ = {isa = PBXBuildFile; fileRef = E72AE13128C1C0CA001418A2 /* Card.swift */; };
		E72AE13428C1C2C4001418A2 /* CardManagerViewController.swift in Sources */ = {isa = PBXBuildFile; fileRef = E72AE13328C1C2C4001418A2 /* CardManagerViewController.swift */; };
		E72AE13628C26F43001418A2 /* EditCardViewController.swift in Sources */ = {isa = PBXBuildFile; fileRef = E72AE13528C26F43001418A2 /* EditCardViewController.swift */; };
		E72AE13828C2925F001418A2 /* UIKitExtensions.swift in Sources */ = {isa = PBXBuildFile; fileRef = E72AE13728C2925F001418A2 /* UIKitExtensions.swift */; };
		E72AE14728C4FBCC001418A2 /* CardsModelController.swift in Sources */ = {isa = PBXBuildFile; fileRef = E72AE14628C4FBCC001418A2 /* CardsModelController.swift */; };
		E72AE14928C5183D001418A2 /* CardCollectionViewCell.swift in Sources */ = {isa = PBXBuildFile; fileRef = E72AE14828C5183D001418A2 /* CardCollectionViewCell.swift */; };
		E72AE14D28C64B74001418A2 /* CardView.swift in Sources */ = {isa = PBXBuildFile; fileRef = E72AE14C28C64B74001418A2 /* CardView.swift */; };
		E72AE14F28C666A5001418A2 /* ArrayExtensions.swift in Sources */ = {isa = PBXBuildFile; fileRef = E72AE14E28C666A5001418A2 /* ArrayExtensions.swift */; };
		E72AE15128C671B9001418A2 /* CardFrontView.swift in Sources */ = {isa = PBXBuildFile; fileRef = E72AE15028C671B9001418A2 /* CardFrontView.swift */; };
		E72AE15328C672A8001418A2 /* CardBackView.swift in Sources */ = {isa = PBXBuildFile; fileRef = E72AE15228C672A8001418A2 /* CardBackView.swift */; };
		E7BD26F728C6CBC3007B8B49 /* PlayerView.swift in Sources */ = {isa = PBXBuildFile; fileRef = E7BD26F628C6CBC3007B8B49 /* PlayerView.swift */; };
		E7BD26FF28C6F3DC007B8B49 /* gameOver.wav in Resources */ = {isa = PBXBuildFile; fileRef = E7BD26FE28C6F3DC007B8B49 /* gameOver.wav */; };
		E7BD270328C6F5B5007B8B49 /* correct.wav in Resources */ = {isa = PBXBuildFile; fileRef = E7BD270228C6F5B5007B8B49 /* correct.wav */; };
		E7BD270728C70284007B8B49 /* PlayerColors.swift in Sources */ = {isa = PBXBuildFile; fileRef = E7BD270628C70284007B8B49 /* PlayerColors.swift */; };
		E7BD270928C7071B007B8B49 /* wrong.mp3 in Resources */ = {isa = PBXBuildFile; fileRef = E7BD270828C7071B007B8B49 /* wrong.mp3 */; };
		E7BD270B28C7C25A007B8B49 /* GameOverView.swift in Sources */ = {isa = PBXBuildFile; fileRef = E7BD270A28C7C25A007B8B49 /* GameOverView.swift */; };
		E7BD270D28C7D777007B8B49 /* gameStarted.wav in Resources */ = {isa = PBXBuildFile; fileRef = E7BD270C28C7D777007B8B49 /* gameStarted.wav */; };
		E7BD270F28C7FA42007B8B49 /* CardFrontCaptionView.swift in Sources */ = {isa = PBXBuildFile; fileRef = E7BD270E28C7FA42007B8B49 /* CardFrontCaptionView.swift */; };
/* End PBXBuildFile section */

/* Begin PBXFileReference section */
		E72AE11828C17611001418A2 /* Matching.app */ = {isa = PBXFileReference; explicitFileType = wrapper.application; includeInIndex = 0; path = Matching.app; sourceTree = BUILT_PRODUCTS_DIR; };
		E72AE11B28C17611001418A2 /* AppDelegate.swift */ = {isa = PBXFileReference; lastKnownFileType = sourcecode.swift; path = AppDelegate.swift; sourceTree = "<group>"; };
		E72AE11D28C17611001418A2 /* SceneDelegate.swift */ = {isa = PBXFileReference; lastKnownFileType = sourcecode.swift; path = SceneDelegate.swift; sourceTree = "<group>"; };
		E72AE11F28C17611001418A2 /* HomeViewController.swift */ = {isa = PBXFileReference; lastKnownFileType = sourcecode.swift; path = HomeViewController.swift; sourceTree = "<group>"; };
		E72AE12228C17611001418A2 /* Base */ = {isa = PBXFileReference; lastKnownFileType = file.storyboard; name = Base; path = Base.lproj/Main.storyboard; sourceTree = "<group>"; };
		E72AE12428C17613001418A2 /* Assets.xcassets */ = {isa = PBXFileReference; lastKnownFileType = folder.assetcatalog; path = Assets.xcassets; sourceTree = "<group>"; };
		E72AE12728C17613001418A2 /* Base */ = {isa = PBXFileReference; lastKnownFileType = file.storyboard; name = Base; path = Base.lproj/LaunchScreen.storyboard; sourceTree = "<group>"; };
		E72AE12928C17613001418A2 /* Info.plist */ = {isa = PBXFileReference; lastKnownFileType = text.plist.xml; path = Info.plist; sourceTree = "<group>"; };
		E72AE12F28C179F8001418A2 /* GameViewController.swift */ = {isa = PBXFileReference; lastKnownFileType = sourcecode.swift; path = GameViewController.swift; sourceTree = "<group>"; };
		E72AE13128C1C0CA001418A2 /* Card.swift */ = {isa = PBXFileReference; lastKnownFileType = sourcecode.swift; path = Card.swift; sourceTree = "<group>"; };
		E72AE13328C1C2C4001418A2 /* CardManagerViewController.swift */ = {isa = PBXFileReference; lastKnownFileType = sourcecode.swift; path = CardManagerViewController.swift; sourceTree = "<group>"; };
		E72AE13528C26F43001418A2 /* EditCardViewController.swift */ = {isa = PBXFileReference; lastKnownFileType = sourcecode.swift; path = EditCardViewController.swift; sourceTree = "<group>"; };
		E72AE13728C2925F001418A2 /* UIKitExtensions.swift */ = {isa = PBXFileReference; lastKnownFileType = sourcecode.swift; path = UIKitExtensions.swift; sourceTree = "<group>"; };
		E72AE14628C4FBCC001418A2 /* CardsModelController.swift */ = {isa = PBXFileReference; lastKnownFileType = sourcecode.swift; path = CardsModelController.swift; sourceTree = "<group>"; };
		E72AE14828C5183D001418A2 /* CardCollectionViewCell.swift */ = {isa = PBXFileReference; lastKnownFileType = sourcecode.swift; path = CardCollectionViewCell.swift; sourceTree = "<group>"; };
		E72AE14C28C64B74001418A2 /* CardView.swift */ = {isa = PBXFileReference; lastKnownFileType = sourcecode.swift; path = CardView.swift; sourceTree = "<group>"; };
		E72AE14E28C666A5001418A2 /* ArrayExtensions.swift */ = {isa = PBXFileReference; lastKnownFileType = sourcecode.swift; path = ArrayExtensions.swift; sourceTree = "<group>"; };
		E72AE15028C671B9001418A2 /* CardFrontView.swift */ = {isa = PBXFileReference; lastKnownFileType = sourcecode.swift; path = CardFrontView.swift; sourceTree = "<group>"; };
		E72AE15228C672A8001418A2 /* CardBackView.swift */ = {isa = PBXFileReference; lastKnownFileType = sourcecode.swift; path = CardBackView.swift; sourceTree = "<group>"; };
		E7BD26F628C6CBC3007B8B49 /* PlayerView.swift */ = {isa = PBXFileReference; lastKnownFileType = sourcecode.swift; path = PlayerView.swift; sourceTree = "<group>"; };
		E7BD26FE28C6F3DC007B8B49 /* gameOver.wav */ = {isa = PBXFileReference; lastKnownFileType = audio.wav; path = gameOver.wav; sourceTree = "<group>"; };
		E7BD270228C6F5B5007B8B49 /* correct.wav */ = {isa = PBXFileReference; lastKnownFileType = audio.wav; path = correct.wav; sourceTree = "<group>"; };
		E7BD270628C70284007B8B49 /* PlayerColors.swift */ = {isa = PBXFileReference; lastKnownFileType = sourcecode.swift; path = PlayerColors.swift; sourceTree = "<group>"; };
		E7BD270828C7071B007B8B49 /* wrong.mp3 */ = {isa = PBXFileReference; lastKnownFileType = audio.mp3; path = wrong.mp3; sourceTree = "<group>"; };
		E7BD270A28C7C25A007B8B49 /* GameOverView.swift */ = {isa = PBXFileReference; lastKnownFileType = sourcecode.swift; path = GameOverView.swift; sourceTree = "<group>"; };
		E7BD270C28C7D777007B8B49 /* gameStarted.wav */ = {isa = PBXFileReference; lastKnownFileType = audio.wav; path = gameStarted.wav; sourceTree = "<group>"; };
		E7BD270E28C7FA42007B8B49 /* CardFrontCaptionView.swift */ = {isa = PBXFileReference; lastKnownFileType = sourcecode.swift; path = CardFrontCaptionView.swift; sourceTree = "<group>"; };
/* End PBXFileReference section */

/* Begin PBXFrameworksBuildPhase section */
		E72AE11528C17611001418A2 /* Frameworks */ = {
			isa = PBXFrameworksBuildPhase;
			buildActionMask = 2147483647;
			files = (
			);
			runOnlyForDeploymentPostprocessing = 0;
		};
/* End PBXFrameworksBuildPhase section */

/* Begin PBXGroup section */
		E72AE10F28C17611001418A2 = {
			isa = PBXGroup;
			children = (
				E72AE11A28C17611001418A2 /* Matching */,
				E72AE11928C17611001418A2 /* Products */,
			);
			sourceTree = "<group>";
		};
		E72AE11928C17611001418A2 /* Products */ = {
			isa = PBXGroup;
			children = (
				E72AE11828C17611001418A2 /* Matching.app */,
			);
			name = Products;
			sourceTree = "<group>";
		};
		E72AE11A28C17611001418A2 /* Matching */ = {
			isa = PBXGroup;
			children = (
				E72AE13D28C4F070001418A2 /* Application */,
				E72AE13E28C4F083001418A2 /* Shared */,
				E72AE13F28C4F185001418A2 /* ViewHome */,
				E72AE14228C4F1C4001418A2 /* ViewGame */,
				E72AE14328C4F1D4001418A2 /* ViewCardManager */,
				E72AE14428C4F22D001418A2 /* ViewEditCard */,
				E72AE12428C17613001418A2 /* Assets.xcassets */,
				E7BD270228C6F5B5007B8B49 /* correct.wav */,
				E7BD270C28C7D777007B8B49 /* gameStarted.wav */,
				E7BD26FE28C6F3DC007B8B49 /* gameOver.wav */,
				E7BD270828C7071B007B8B49 /* wrong.mp3 */,
				E72AE12628C17613001418A2 /* LaunchScreen.storyboard */,
				E72AE12928C17613001418A2 /* Info.plist */,
			);
			path = Matching;
			sourceTree = "<group>";
		};
		E72AE13D28C4F070001418A2 /* Application */ = {
			isa = PBXGroup;
			children = (
				E72AE12128C17611001418A2 /* Main.storyboard */,
				E72AE11B28C17611001418A2 /* AppDelegate.swift */,
				E72AE11D28C17611001418A2 /* SceneDelegate.swift */,
			);
			path = Application;
			sourceTree = "<group>";
		};
		E72AE13E28C4F083001418A2 /* Shared */ = {
			isa = PBXGroup;
			children = (
				E72AE14528C4F58D001418A2 /* Extensions */,
				E72AE14128C4F1AD001418A2 /* Models */,
				E72AE14028C4F1A1001418A2 /* ModelControllers */,
			);
			path = Shared;
			sourceTree = "<group>";
		};
		E72AE13F28C4F185001418A2 /* ViewHome */ = {
			isa = PBXGroup;
			children = (
				E72AE11F28C17611001418A2 /* HomeViewController.swift */,
			);
			path = ViewHome;
			sourceTree = "<group>";
		};
		E72AE14028C4F1A1001418A2 /* ModelControllers */ = {
			isa = PBXGroup;
			children = (
				E72AE14628C4FBCC001418A2 /* CardsModelController.swift */,
			);
			path = ModelControllers;
			sourceTree = "<group>";
		};
		E72AE14128C4F1AD001418A2 /* Models */ = {
			isa = PBXGroup;
			children = (
				E72AE13128C1C0CA001418A2 /* Card.swift */,
			);
			path = Models;
			sourceTree = "<group>";
		};
		E72AE14228C4F1C4001418A2 /* ViewGame */ = {
			isa = PBXGroup;
			children = (
				E72AE12F28C179F8001418A2 /* GameViewController.swift */,
				E7BD270628C70284007B8B49 /* PlayerColors.swift */,
				E72AE14C28C64B74001418A2 /* CardView.swift */,
				E72AE15028C671B9001418A2 /* CardFrontView.swift */,
				E72AE15228C672A8001418A2 /* CardBackView.swift */,
				E7BD26F628C6CBC3007B8B49 /* PlayerView.swift */,
				E7BD270A28C7C25A007B8B49 /* GameOverView.swift */,
				E7BD270E28C7FA42007B8B49 /* CardFrontCaptionView.swift */,
			);
			path = ViewGame;
			sourceTree = "<group>";
		};
		E72AE14328C4F1D4001418A2 /* ViewCardManager */ = {
			isa = PBXGroup;
			children = (
				E72AE13328C1C2C4001418A2 /* CardManagerViewController.swift */,
				E72AE14828C5183D001418A2 /* CardCollectionViewCell.swift */,
			);
			path = ViewCardManager;
			sourceTree = "<group>";
		};
		E72AE14428C4F22D001418A2 /* ViewEditCard */ = {
			isa = PBXGroup;
			children = (
				E72AE13528C26F43001418A2 /* EditCardViewController.swift */,
			);
			path = ViewEditCard;
			sourceTree = "<group>";
		};
		E72AE14528C4F58D001418A2 /* Extensions */ = {
			isa = PBXGroup;
			children = (
				E72AE13728C2925F001418A2 /* UIKitExtensions.swift */,
				E72AE14E28C666A5001418A2 /* ArrayExtensions.swift */,
			);
			path = Extensions;
			sourceTree = "<group>";
		};
/* End PBXGroup section */

/* Begin PBXNativeTarget section */
		E72AE11728C17611001418A2 /* Matching */ = {
			isa = PBXNativeTarget;
			buildConfigurationList = E72AE12C28C17613001418A2 /* Build configuration list for PBXNativeTarget "Matching" */;
			buildPhases = (
				E72AE11428C17611001418A2 /* Sources */,
				E72AE11528C17611001418A2 /* Frameworks */,
				E72AE11628C17611001418A2 /* Resources */,
			);
			buildRules = (
			);
			dependencies = (
			);
			name = Matching;
			productName = Matching;
			productReference = E72AE11828C17611001418A2 /* Matching.app */;
			productType = "com.apple.product-type.application";
		};
/* End PBXNativeTarget section */

/* Begin PBXProject section */
		E72AE11028C17611001418A2 /* Project object */ = {
			isa = PBXProject;
			attributes = {
				BuildIndependentTargetsInParallel = 1;
				LastSwiftUpdateCheck = 1340;
				LastUpgradeCheck = 1340;
				TargetAttributes = {
					E72AE11728C17611001418A2 = {
						CreatedOnToolsVersion = 13.4.1;
					};
				};
			};
			buildConfigurationList = E72AE11328C17611001418A2 /* Build configuration list for PBXProject "Matching" */;
			compatibilityVersion = "Xcode 13.0";
			developmentRegion = en;
			hasScannedForEncodings = 0;
			knownRegions = (
				en,
				Base,
			);
			mainGroup = E72AE10F28C17611001418A2;
			productRefGroup = E72AE11928C17611001418A2 /* Products */;
			projectDirPath = "";
			projectRoot = "";
			targets = (
				E72AE11728C17611001418A2 /* Matching */,
			);
		};
/* End PBXProject section */

/* Begin PBXResourcesBuildPhase section */
		E72AE11628C17611001418A2 /* Resources */ = {
			isa = PBXResourcesBuildPhase;
			buildActionMask = 2147483647;
			files = (
				E7BD270D28C7D777007B8B49 /* gameStarted.wav in Resources */,
				E7BD26FF28C6F3DC007B8B49 /* gameOver.wav in Resources */,
				E72AE12828C17613001418A2 /* LaunchScreen.storyboard in Resources */,
				E72AE12528C17613001418A2 /* Assets.xcassets in Resources */,
				E72AE12328C17611001418A2 /* Main.storyboard in Resources */,
				E7BD270928C7071B007B8B49 /* wrong.mp3 in Resources */,
				E7BD270328C6F5B5007B8B49 /* correct.wav in Resources */,
			);
			runOnlyForDeploymentPostprocessing = 0;
		};
/* End PBXResourcesBuildPhase section */

/* Begin PBXSourcesBuildPhase section */
		E72AE11428C17611001418A2 /* Sources */ = {
			isa = PBXSourcesBuildPhase;
			buildActionMask = 2147483647;
			files = (
				E72AE14728C4FBCC001418A2 /* CardsModelController.swift in Sources */,
				E72AE13028C179F8001418A2 /* GameViewController.swift in Sources */,
				E72AE12028C17611001418A2 /* HomeViewController.swift in Sources */,
				E7BD26F728C6CBC3007B8B49 /* PlayerView.swift in Sources */,
				E72AE13428C1C2C4001418A2 /* CardManagerViewController.swift in Sources */,
				E7BD270B28C7C25A007B8B49 /* GameOverView.swift in Sources */,
				E72AE13628C26F43001418A2 /* EditCardViewController.swift in Sources */,
				E72AE13228C1C0CA001418A2 /* Card.swift in Sources */,
				E72AE11C28C17611001418A2 /* AppDelegate.swift in Sources */,
				E7BD270F28C7FA42007B8B49 /* CardFrontCaptionView.swift in Sources */,
				E72AE14F28C666A5001418A2 /* ArrayExtensions.swift in Sources */,
				E72AE13828C2925F001418A2 /* UIKitExtensions.swift in Sources */,
				E72AE14928C5183D001418A2 /* CardCollectionViewCell.swift in Sources */,
				E72AE14D28C64B74001418A2 /* CardView.swift in Sources */,
				E7BD270728C70284007B8B49 /* PlayerColors.swift in Sources */,
				E72AE15328C672A8001418A2 /* CardBackView.swift in Sources */,
				E72AE11E28C17611001418A2 /* SceneDelegate.swift in Sources */,
				E72AE15128C671B9001418A2 /* CardFrontView.swift in Sources */,
			);
			runOnlyForDeploymentPostprocessing = 0;
		};
/* End PBXSourcesBuildPhase section */

/* Begin PBXVariantGroup section */
		E72AE12128C17611001418A2 /* Main.storyboard */ = {
			isa = PBXVariantGroup;
			children = (
				E72AE12228C17611001418A2 /* Base */,
			);
			name = Main.storyboard;
			sourceTree = "<group>";
		};
		E72AE12628C17613001418A2 /* LaunchScreen.storyboard */ = {
			isa = PBXVariantGroup;
			children = (
				E72AE12728C17613001418A2 /* Base */,
			);
			name = LaunchScreen.storyboard;
			sourceTree = "<group>";
		};
/* End PBXVariantGroup section */

/* Begin XCBuildConfiguration section */
		E72AE12A28C17613001418A2 /* Debug */ = {
			isa = XCBuildConfiguration;
			buildSettings = {
				ALWAYS_SEARCH_USER_PATHS = NO;
				CLANG_ANALYZER_NONNULL = YES;
				CLANG_ANALYZER_NUMBER_OBJECT_CONVERSION = YES_AGGRESSIVE;
				CLANG_CXX_LANGUAGE_STANDARD = "gnu++17";
				CLANG_ENABLE_MODULES = YES;
				CLANG_ENABLE_OBJC_ARC = YES;
				CLANG_ENABLE_OBJC_WEAK = YES;
				CLANG_WARN_BLOCK_CAPTURE_AUTORELEASING = YES;
				CLANG_WARN_BOOL_CONVERSION = YES;
				CLANG_WARN_COMMA = YES;
				CLANG_WARN_CONSTANT_CONVERSION = YES;
				CLANG_WARN_DEPRECATED_OBJC_IMPLEMENTATIONS = YES;
				CLANG_WARN_DIRECT_OBJC_ISA_USAGE = YES_ERROR;
				CLANG_WARN_DOCUMENTATION_COMMENTS = YES;
				CLANG_WARN_EMPTY_BODY = YES;
				CLANG_WARN_ENUM_CONVERSION = YES;
				CLANG_WARN_INFINITE_RECURSION = YES;
				CLANG_WARN_INT_CONVERSION = YES;
				CLANG_WARN_NON_LITERAL_NULL_CONVERSION = YES;
				CLANG_WARN_OBJC_IMPLICIT_RETAIN_SELF = YES;
				CLANG_WARN_OBJC_LITERAL_CONVERSION = YES;
				CLANG_WARN_OBJC_ROOT_CLASS = YES_ERROR;
				CLANG_WARN_QUOTED_INCLUDE_IN_FRAMEWORK_HEADER = YES;
				CLANG_WARN_RANGE_LOOP_ANALYSIS = YES;
				CLANG_WARN_STRICT_PROTOTYPES = YES;
				CLANG_WARN_SUSPICIOUS_MOVE = YES;
				CLANG_WARN_UNGUARDED_AVAILABILITY = YES_AGGRESSIVE;
				CLANG_WARN_UNREACHABLE_CODE = YES;
				CLANG_WARN__DUPLICATE_METHOD_MATCH = YES;
				COPY_PHASE_STRIP = NO;
				DEBUG_INFORMATION_FORMAT = dwarf;
				ENABLE_STRICT_OBJC_MSGSEND = YES;
				ENABLE_TESTABILITY = YES;
				GCC_C_LANGUAGE_STANDARD = gnu11;
				GCC_DYNAMIC_NO_PIC = NO;
				GCC_NO_COMMON_BLOCKS = YES;
				GCC_OPTIMIZATION_LEVEL = 0;
				GCC_PREPROCESSOR_DEFINITIONS = (
					"DEBUG=1",
					"$(inherited)",
				);
				GCC_WARN_64_TO_32_BIT_CONVERSION = YES;
				GCC_WARN_ABOUT_RETURN_TYPE = YES_ERROR;
				GCC_WARN_UNDECLARED_SELECTOR = YES;
				GCC_WARN_UNINITIALIZED_AUTOS = YES_AGGRESSIVE;
				GCC_WARN_UNUSED_FUNCTION = YES;
				GCC_WARN_UNUSED_VARIABLE = YES;
				IPHONEOS_DEPLOYMENT_TARGET = 15.5;
				MTL_ENABLE_DEBUG_INFO = INCLUDE_SOURCE;
				MTL_FAST_MATH = YES;
				ONLY_ACTIVE_ARCH = YES;
				SDKROOT = iphoneos;
				SWIFT_ACTIVE_COMPILATION_CONDITIONS = DEBUG;
				SWIFT_OPTIMIZATION_LEVEL = "-Onone";
			};
			name = Debug;
		};
		E72AE12B28C17613001418A2 /* Release */ = {
			isa = XCBuildConfiguration;
			buildSettings = {
				ALWAYS_SEARCH_USER_PATHS = NO;
				CLANG_ANALYZER_NONNULL = YES;
				CLANG_ANALYZER_NUMBER_OBJECT_CONVERSION = YES_AGGRESSIVE;
				CLANG_CXX_LANGUAGE_STANDARD = "gnu++17";
				CLANG_ENABLE_MODULES = YES;
				CLANG_ENABLE_OBJC_ARC = YES;
				CLANG_ENABLE_OBJC_WEAK = YES;
				CLANG_WARN_BLOCK_CAPTURE_AUTORELEASING = YES;
				CLANG_WARN_BOOL_CONVERSION = YES;
				CLANG_WARN_COMMA = YES;
				CLANG_WARN_CONSTANT_CONVERSION = YES;
				CLANG_WARN_DEPRECATED_OBJC_IMPLEMENTATIONS = YES;
				CLANG_WARN_DIRECT_OBJC_ISA_USAGE = YES_ERROR;
				CLANG_WARN_DOCUMENTATION_COMMENTS = YES;
				CLANG_WARN_EMPTY_BODY = YES;
				CLANG_WARN_ENUM_CONVERSION = YES;
				CLANG_WARN_INFINITE_RECURSION = YES;
				CLANG_WARN_INT_CONVERSION = YES;
				CLANG_WARN_NON_LITERAL_NULL_CONVERSION = YES;
				CLANG_WARN_OBJC_IMPLICIT_RETAIN_SELF = YES;
				CLANG_WARN_OBJC_LITERAL_CONVERSION = YES;
				CLANG_WARN_OBJC_ROOT_CLASS = YES_ERROR;
				CLANG_WARN_QUOTED_INCLUDE_IN_FRAMEWORK_HEADER = YES;
				CLANG_WARN_RANGE_LOOP_ANALYSIS = YES;
				CLANG_WARN_STRICT_PROTOTYPES = YES;
				CLANG_WARN_SUSPICIOUS_MOVE = YES;
				CLANG_WARN_UNGUARDED_AVAILABILITY = YES_AGGRESSIVE;
				CLANG_WARN_UNREACHABLE_CODE = YES;
				CLANG_WARN__DUPLICATE_METHOD_MATCH = YES;
				COPY_PHASE_STRIP = NO;
				DEBUG_INFORMATION_FORMAT = "dwarf-with-dsym";
				ENABLE_NS_ASSERTIONS = NO;
				ENABLE_STRICT_OBJC_MSGSEND = YES;
				GCC_C_LANGUAGE_STANDARD = gnu11;
				GCC_NO_COMMON_BLOCKS = YES;
				GCC_WARN_64_TO_32_BIT_CONVERSION = YES;
				GCC_WARN_ABOUT_RETURN_TYPE = YES_ERROR;
				GCC_WARN_UNDECLARED_SELECTOR = YES;
				GCC_WARN_UNINITIALIZED_AUTOS = YES_AGGRESSIVE;
				GCC_WARN_UNUSED_FUNCTION = YES;
				GCC_WARN_UNUSED_VARIABLE = YES;
				IPHONEOS_DEPLOYMENT_TARGET = 15.5;
				MTL_ENABLE_DEBUG_INFO = NO;
				MTL_FAST_MATH = YES;
				SDKROOT = iphoneos;
				SWIFT_COMPILATION_MODE = wholemodule;
				SWIFT_OPTIMIZATION_LEVEL = "-O";
				VALIDATE_PRODUCT = YES;
			};
			name = Release;
		};
		E72AE12D28C17613001418A2 /* Debug */ = {
			isa = XCBuildConfiguration;
			buildSettings = {
				ASSETCATALOG_COMPILER_APPICON_NAME = AppIcon;
				ASSETCATALOG_COMPILER_GLOBAL_ACCENT_COLOR_NAME = AccentColor;
				CODE_SIGN_STYLE = Automatic;
				CURRENT_PROJECT_VERSION = 1;
				DEVELOPMENT_TEAM = D856H3ZRFM;
				GENERATE_INFOPLIST_FILE = YES;
				INFOPLIST_FILE = Matching/Info.plist;
				INFOPLIST_KEY_UIApplicationSupportsIndirectInputEvents = YES;
				INFOPLIST_KEY_UILaunchStoryboardName = LaunchScreen;
				INFOPLIST_KEY_UIMainStoryboardFile = Main;
				INFOPLIST_KEY_UISupportedInterfaceOrientations_iPad = "UIInterfaceOrientationPortrait UIInterfaceOrientationPortraitUpsideDown UIInterfaceOrientationLandscapeLeft UIInterfaceOrientationLandscapeRight";
				INFOPLIST_KEY_UISupportedInterfaceOrientations_iPhone = "UIInterfaceOrientationPortrait UIInterfaceOrientationLandscapeLeft UIInterfaceOrientationLandscapeRight";
				LD_RUNPATH_SEARCH_PATHS = (
					"$(inherited)",
					"@executable_path/Frameworks",
				);
				MARKETING_VERSION = 1.0;
				PRODUCT_BUNDLE_IDENTIFIER = "Hacking-with-Swift.Matching";
				PRODUCT_NAME = "$(TARGET_NAME)";
				SWIFT_EMIT_LOC_STRINGS = YES;
				SWIFT_VERSION = 5.0;
				TARGETED_DEVICE_FAMILY = "1,2";
			};
			name = Debug;
		};
		E72AE12E28C17613001418A2 /* Release */ = {
			isa = XCBuildConfiguration;
			buildSettings = {
				ASSETCATALOG_COMPILER_APPICON_NAME = AppIcon;
				ASSETCATALOG_COMPILER_GLOBAL_ACCENT_COLOR_NAME = AccentColor;
				CODE_SIGN_STYLE = Automatic;
				CURRENT_PROJECT_VERSION = 1;
				DEVELOPMENT_TEAM = D856H3ZRFM;
				GENERATE_INFOPLIST_FILE = YES;
				INFOPLIST_FILE = Matching/Info.plist;
				INFOPLIST_KEY_UIApplicationSupportsIndirectInputEvents = YES;
				INFOPLIST_KEY_UILaunchStoryboardName = LaunchScreen;
				INFOPLIST_KEY_UIMainStoryboardFile = Main;
				INFOPLIST_KEY_UISupportedInterfaceOrientations_iPad = "UIInterfaceOrientationPortrait UIInterfaceOrientationPortraitUpsideDown UIInterfaceOrientationLandscapeLeft UIInterfaceOrientationLandscapeRight";
				INFOPLIST_KEY_UISupportedInterfaceOrientations_iPhone = "UIInterfaceOrientationPortrait UIInterfaceOrientationLandscapeLeft UIInterfaceOrientationLandscapeRight";
				LD_RUNPATH_SEARCH_PATHS = (
					"$(inherited)",
					"@executable_path/Frameworks",
				);
				MARKETING_VERSION = 1.0;
				PRODUCT_BUNDLE_IDENTIFIER = "Hacking-with-Swift.Matching";
				PRODUCT_NAME = "$(TARGET_NAME)";
				SWIFT_EMIT_LOC_STRINGS = YES;
				SWIFT_VERSION = 5.0;
				TARGETED_DEVICE_FAMILY = "1,2";
			};
			name = Release;
		};
/* End XCBuildConfiguration section */

/* Begin XCConfigurationList section */
		E72AE11328C17611001418A2 /* Build configuration list for PBXProject "Matching" */ = {
			isa = XCConfigurationList;
			buildConfigurations = (
				E72AE12A28C17613001418A2 /* Debug */,
				E72AE12B28C17613001418A2 /* Release */,
			);
			defaultConfigurationIsVisible = 0;
			defaultConfigurationName = Release;
		};
		E72AE12C28C17613001418A2 /* Build configuration list for PBXNativeTarget "Matching" */ = {
			isa = XCConfigurationList;
			buildConfigurations = (
				E72AE12D28C17613001418A2 /* Debug */,
				E72AE12E28C17613001418A2 /* Release */,
			);
			defaultConfigurationIsVisible = 0;
			defaultConfigurationName = Release;
		};
/* End XCConfigurationList section */
	};
	rootObject = E72AE11028C17611001418A2 /* Project object */;
}
